# THIS IS AN AUTOGENERATED FILE. DO NOT EDIT THIS FILE DIRECTLY.
# yarn lockfile v1


bent@^7.3.6:
  version "7.3.6"
  resolved "https://registry.yarnpkg.com/bent/-/bent-7.3.6.tgz#c661a914352acd9b206e362f0c732a19a6ae56cd"
  integrity sha512-d/PA/wQdFYgFCR8zYQi0LwzzcsncFFhChvyhZDJ8PVhPF0TdLKmFnjUV2ttVHLTpTiIJWMfxRByY7NT7LEacMA==
  dependencies:
    bytesish "^0.4.1"
    caseless "~0.12.0"
    is-stream "^2.0.0"

bytesish@^0.4.1:
  version "0.4.2"
  resolved "https://registry.yarnpkg.com/bytesish/-/bytesish-0.4.2.tgz#99c2e7c392dcd57b48e01650753aca2bc3ac9fb7"
  integrity sha512-ym4cXhq28K7uhYZUEOl17LuqsqKSphDsZcfAKmEa/HcCsCqHMQXOiFuWx1OnbktJux/qKK1W9Xt9uU5kLIKypQ==

caseless@~0.12.0:
  version "0.12.0"
  resolved "https://registry.yarnpkg.com/caseless/-/caseless-0.12.0.tgz#1b681c21ff84033c826543090689420d187151dc"
  integrity sha1-G2gcIf+EAzyCZUMJBolCDRhxUdw=

is-stream@^2.0.0:
  version "2.0.0"
  resolved "https://registry.yarnpkg.com/is-stream/-/is-stream-2.0.0.tgz#bde9c32680d6fae04129d6ac9d921ce7815f78e3"
  integrity sha512-XCoy+WlUr7d1+Z8GgSuXmpuUFC9fOhRXglJMx+dwLKTkL44Cjd4W1Z5P+BQZpr+cR93aGP4S/s7Ftw6Nd/kiEw==
